
Microsoft Visual Studio Solution File, Format Version 12.00
# Visual Studio Version 17
VisualStudioVersion = 17.12.35527.113
MinimumVisualStudioVersion = 10.0.40219.1
Project("{9A19103F-16F7-4668-BE54-9A1E7A4F7556}") = "ProductAPI", "ProductAPI.csproj", "{FCECD5D4-7BCE-4394-89F5-1B84592495A2}"
EndProject
Project("{FAE04EC0-301F-11D3-BF4B-00C04F79EFBC}") = "ProductAPI.Tests", "..\ProductAPI.Tests\ProductAPI.Tests.csproj", "{9F6CDBF8-B8B1-4CAD-9B14-0AAFC0ACAFFB}"
EndProject
Global
	GlobalSection(SolutionConfigurationPlatforms) = preSolution
		Debug|Any CPU = Debug|Any CPU
		Release|Any CPU = Release|Any CPU
	EndGlobalSection
	GlobalSection(ProjectConfigurationPlatforms) = postSolution
		{FCECD5D4-7BCE-4394-89F5-1B84592495A2}.Debug|Any CPU.ActiveCfg = Debug|Any CPU
		{FCECD5D4-7BCE-4394-89F5-1B84592495A2}.Debug|Any CPU.Build.0 = Debug|Any CPU
		{FCECD5D4-7BCE-4394-89F5-1B84592495A2}.Release|Any CPU.ActiveCfg = Release|Any CPU
		{FCECD5D4-7BCE-4394-89F5-1B84592495A2}.Release|Any CPU.Build.0 = Release|Any CPU
		{9F6CDBF8-B8B1-4CAD-9B14-0AAFC0ACAFFB}.Debug|Any CPU.ActiveCfg = Debug|Any CPU
		{9F6CDBF8-B8B1-4CAD-9B14-0AAFC0ACAFFB}.Debug|Any CPU.Build.0 = Debug|Any CPU
		{9F6CDBF8-B8B1-4CAD-9B14-0AAFC0ACAFFB}.Release|Any CPU.ActiveCfg = Release|Any CPU
		{9F6CDBF8-B8B1-4CAD-9B14-0AAFC0ACAFFB}.Release|Any CPU.Build.0 = Release|Any CPU
	EndGlobalSection
	GlobalSection(SolutionProperties) = preSolution
		HideSolutionNode = FALSE
	EndGlobalSection
	GlobalSection(ExtensibilityGlobals) = postSolution
		SolutionGuid = {CF312104-84FE-4065-96A0-FA93C1C36794}
	EndGlobalSection
EndGlobal
